Microsoft Visual Studio Solution File, Format Version 12.00
# Visual Studio Version 17
VisualStudioVersion = 17.5.2.0
MinimumVisualStudioVersion = 10.0.40219.1
Project("{FAE04EC0-301F-11D3-BF4B-00C04F79EFBC}") = "IMEInd", "IMEInd.csproj", "{749236BE-93B6-6E8F-21ED-7C43483724DE}"
EndProject
Project("{FAE04EC0-301F-11D3-BF4B-00C04F79EFBC}") = "IMEInd.Tests", "IMEInd.Tests\IMEInd.Tests.csproj", "{A1B2C3D4-E5F6-7890-ABCD-EF1234567890}"
EndProject
Global
	GlobalSection(SolutionConfigurationPlatforms) = preSolution
		Debug|Any CPU = Debug|Any CPU
		Release|Any CPU = Release|Any CPU
	EndGlobalSection
	GlobalSection(ProjectConfigurationPlatforms) = postSolution
		{749236BE-93B6-6E8F-21ED-7C43483724DE}.Debug|Any CPU.ActiveCfg = Debug|Any CPU
		{749236BE-93B6-6E8F-21ED-7C43483724DE}.Debug|Any CPU.Build.0 = Debug|Any CPU
		{749236BE-93B6-6E8F-21ED-7C43483724DE}.Release|Any CPU.ActiveCfg = Release|Any CPU
		{749236BE-93B6-6E8F-21ED-7C43483724DE}.Release|Any CPU.Build.0 = Release|Any CPU
		{A1B2C3D4-E5F6-7890-ABCD-EF1234567890}.Debug|Any CPU.ActiveCfg = Debug|Any CPU
		{A1B2C3D4-E5F6-7890-ABCD-EF1234567890}.Debug|Any CPU.Build.0 = Debug|Any CPU
		{A1B2C3D4-E5F6-7890-ABCD-EF1234567890}.Release|Any CPU.ActiveCfg = Release|Any CPU
		{A1B2C3D4-E5F6-7890-ABCD-EF1234567890}.Release|Any CPU.Build.0 = Release|Any CPU
	EndGlobalSection
	GlobalSection(SolutionProperties) = preSolution
		HideSolutionNode = FALSE
	EndGlobalSection
	GlobalSection(ExtensibilityGlobals) = postSolution
		SolutionGuid = {0E12FF70-1EEA-455D-89D6-D1483B738B2C}
	EndGlobalSection
EndGlobal
